
Microsoft Visual Studio Solution File, Format Version 12.00
# Visual Studio Version 17
VisualStudioVersion = 17.11.35327.3
MinimumVisualStudioVersion = 10.0.40219.1
Project("{FAE04EC0-301F-11D3-BF4B-00C04F79EFBC}") = "pn", "pn\pn.csproj", "{DF36C8C9-F9AF-4288-A307-BAA105109BFD}"
EndProject
Global
	GlobalSection(SolutionConfigurationPlatforms) = preSolution
		Debug|x64 = Debug|x64
		Release|x64 = Release|x64
	EndGlobalSection
	GlobalSection(ProjectConfigurationPlatforms) = postSolution
		{DF36C8C9-F9AF-4288-A307-BAA105109BFD}.Debug|x64.ActiveCfg = Debug|Any CPU
		{DF36C8C9-F9AF-4288-A307-BAA105109BFD}.Debug|x64.Build.0 = Debug|Any CPU
		{DF36C8C9-F9AF-4288-A307-BAA105109BFD}.Release|x64.ActiveCfg = Release|Any CPU
		{DF36C8C9-F9AF-4288-A307-BAA105109BFD}.Release|x64.Build.0 = Release|Any CPU
	EndGlobalSection
	GlobalSection(SolutionProperties) = preSolution
		HideSolutionNode = FALSE
	EndGlobalSection
	GlobalSection(ExtensibilityGlobals) = postSolution
		SolutionGuid = {B35386D6-D4FE-493C-BB62-1304DC498393}
	EndGlobalSection
EndGlobal
